
Microsoft Visual Studio Solution File, Format Version 12.00
# Visual Studio Version 17
VisualStudioVersion = 17.11.35208.52
MinimumVisualStudioVersion = 10.0.40219.1
Project("{F184B08F-C81C-45F6-A57F-5ABD9991F28F}") = "Htmltask-javascript", "Htmltask-javascript\Htmltask-javascript.vbproj", "{2FC7C931-B3DD-40AA-99D1-EF2AB48E3E85}"
EndProject
Global
	GlobalSection(SolutionConfigurationPlatforms) = preSolution
		Debug|Any CPU = Debug|Any CPU
		Release|Any CPU = Release|Any CPU
	EndGlobalSection
	GlobalSection(ProjectConfigurationPlatforms) = postSolution
		{2FC7C931-B3DD-40AA-99D1-EF2AB48E3E85}.Debug|Any CPU.ActiveCfg = Debug|Any CPU
		{2FC7C931-B3DD-40AA-99D1-EF2AB48E3E85}.Debug|Any CPU.Build.0 = Debug|Any CPU
		{2FC7C931-B3DD-40AA-99D1-EF2AB48E3E85}.Release|Any CPU.ActiveCfg = Release|Any CPU
		{2FC7C931-B3DD-40AA-99D1-EF2AB48E3E85}.Release|Any CPU.Build.0 = Release|Any CPU
	EndGlobalSection
	GlobalSection(SolutionProperties) = preSolution
		HideSolutionNode = FALSE
	EndGlobalSection
	GlobalSection(ExtensibilityGlobals) = postSolution
		SolutionGuid = {89BE3046-4C0D-4296-9F72-4F42A47FE612}
	EndGlobalSection
EndGlobal
